
Microsoft Visual Studio Solution File, Format Version 12.00
# Visual Studio Version 17
VisualStudioVersion = 17.0.31710.8
MinimumVisualStudioVersion = 10.0.40219.1
Project("{9A19103F-16F7-4668-BE54-9A1E7A4F7556}") = "InzinerinisProjektas", "InzinerinisProjektas\InzinerinisProjektas.csproj", "{C53FB771-D3F1-4F19-B812-A3A52CD08860}"
EndProject
Global
	GlobalSection(SolutionConfigurationPlatforms) = preSolution
		Debug|Any CPU = Debug|Any CPU
		Release|Any CPU = Release|Any CPU
	EndGlobalSection
	GlobalSection(ProjectConfigurationPlatforms) = postSolution
		{C53FB771-D3F1-4F19-B812-A3A52CD08860}.Debug|Any CPU.ActiveCfg = Debug|Any CPU
		{C53FB771-D3F1-4F19-B812-A3A52CD08860}.Debug|Any CPU.Build.0 = Debug|Any CPU
		{C53FB771-D3F1-4F19-B812-A3A52CD08860}.Release|Any CPU.ActiveCfg = Release|Any CPU
		{C53FB771-D3F1-4F19-B812-A3A52CD08860}.Release|Any CPU.Build.0 = Release|Any CPU
	EndGlobalSection
	GlobalSection(SolutionProperties) = preSolution
		HideSolutionNode = FALSE
	EndGlobalSection
	GlobalSection(ExtensibilityGlobals) = postSolution
		SolutionGuid = {3CC26CE7-6E5B-4B21-B1D6-24286F7BFA5E}
	EndGlobalSection
EndGlobal
